// !$*UTF8*$!
{
	archiveVersion = 1;
	classes = {
	};
	objectVersion = 56;
	objects = {

/* Begin PBXBuildFile section */
		930EA0C32B1E5D2B00B70A51 /* ToDoListApp.swift in Sources */ = {isa = PBXBuildFile; fileRef = 930EA0C22B1E5D2B00B70A51 /* ToDoListApp.swift */; };
		930EA0C52B1E5D2B00B70A51 /* MainView.swift in Sources */ = {isa = PBXBuildFile; fileRef = 930EA0C42B1E5D2B00B70A51 /* MainView.swift */; };
		930EA0C72B1E5D2C00B70A51 /* Assets.xcassets in Resources */ = {isa = PBXBuildFile; fileRef = 930EA0C62B1E5D2C00B70A51 /* Assets.xcassets */; };
		930EA0CB2B1E5D2C00B70A51 /* Preview Assets.xcassets in Resources */ = {isa = PBXBuildFile; fileRef = 930EA0CA2B1E5D2C00B70A51 /* Preview Assets.xcassets */; };
		930EA0D32B1E625400B70A51 /* FirebaseAnalytics in Frameworks */ = {isa = PBXBuildFile; productRef = 930EA0D22B1E625400B70A51 /* FirebaseAnalytics */; };
		930EA0D52B1E625500B70A51 /* FirebaseAnalyticsOnDeviceConversion in Frameworks */ = {isa = PBXBuildFile; productRef = 930EA0D42B1E625400B70A51 /* FirebaseAnalyticsOnDeviceConversion */; };
		930EA0D72B1E625500B70A51 /* FirebaseAnalyticsSwift in Frameworks */ = {isa = PBXBuildFile; productRef = 930EA0D62B1E625500B70A51 /* FirebaseAnalyticsSwift */; };
		930EA0D92B1E625500B70A51 /* FirebaseAnalyticsWithoutAdIdSupport in Frameworks */ = {isa = PBXBuildFile; productRef = 930EA0D82B1E625500B70A51 /* FirebaseAnalyticsWithoutAdIdSupport */; };
		930EA0DB2B1E625500B70A51 /* FirebaseAppCheck in Frameworks */ = {isa = PBXBuildFile; productRef = 930EA0DA2B1E625500B70A51 /* FirebaseAppCheck */; };
		930EA0DD2B1E625500B70A51 /* FirebaseAppDistribution-Beta in Frameworks */ = {isa = PBXBuildFile; productRef = 930EA0DC2B1E625500B70A51 /* FirebaseAppDistribution-Beta */; };
		930EA0DF2B1E625500B70A51 /* FirebaseAuth in Frameworks */ = {isa = PBXBuildFile; productRef = 930EA0DE2B1E625500B70A51 /* FirebaseAuth */; };
		930EA0E12B1E625500B70A51 /* FirebaseAuthCombine-Community in Frameworks */ = {isa = PBXBuildFile; productRef = 930EA0E02B1E625500B70A51 /* FirebaseAuthCombine-Community */; };
		930EA0E32B1E625500B70A51 /* FirebaseCrashlytics in Frameworks */ = {isa = PBXBuildFile; productRef = 930EA0E22B1E625500B70A51 /* FirebaseCrashlytics */; };
		930EA0E52B1E625500B70A51 /* FirebaseDatabase in Frameworks */ = {isa = PBXBuildFile; productRef = 930EA0E42B1E625500B70A51 /* FirebaseDatabase */; };
		930EA0E72B1E625500B70A51 /* FirebaseDatabaseSwift in Frameworks */ = {isa = PBXBuildFile; productRef = 930EA0E62B1E625500B70A51 /* FirebaseDatabaseSwift */; };
		930EA0E92B1E625500B70A51 /* FirebaseDynamicLinks in Frameworks */ = {isa = PBXBuildFile; productRef = 930EA0E82B1E625500B70A51 /* FirebaseDynamicLinks */; };
		930EA0EB2B1E625500B70A51 /* FirebaseFirestore in Frameworks */ = {isa = PBXBuildFile; productRef = 930EA0EA2B1E625500B70A51 /* FirebaseFirestore */; };
		930EA0ED2B1E625500B70A51 /* FirebaseFirestoreCombine-Community in Frameworks */ = {isa = PBXBuildFile; productRef = 930EA0EC2B1E625500B70A51 /* FirebaseFirestoreCombine-Community */; };
		930EA0EF2B1E625500B70A51 /* FirebaseFirestoreSwift in Frameworks */ = {isa = PBXBuildFile; productRef = 930EA0EE2B1E625500B70A51 /* FirebaseFirestoreSwift */; };
		930EA0F12B1E625500B70A51 /* FirebaseFunctions in Frameworks */ = {isa = PBXBuildFile; productRef = 930EA0F02B1E625500B70A51 /* FirebaseFunctions */; };
		930EA0F32B1E625500B70A51 /* FirebaseFunctionsCombine-Community in Frameworks */ = {isa = PBXBuildFile; productRef = 930EA0F22B1E625500B70A51 /* FirebaseFunctionsCombine-Community */; };
		930EA0F52B1E625500B70A51 /* FirebaseInAppMessaging-Beta in Frameworks */ = {isa = PBXBuildFile; productRef = 930EA0F42B1E625500B70A51 /* FirebaseInAppMessaging-Beta */; };
		930EA0F72B1E625500B70A51 /* FirebaseInAppMessagingSwift-Beta in Frameworks */ = {isa = PBXBuildFile; productRef = 930EA0F62B1E625500B70A51 /* FirebaseInAppMessagingSwift-Beta */; };
		930EA0F92B1E625500B70A51 /* FirebaseInstallations in Frameworks */ = {isa = PBXBuildFile; productRef = 930EA0F82B1E625500B70A51 /* FirebaseInstallations */; };
		930EA0FB2B1E625500B70A51 /* FirebaseMLModelDownloader in Frameworks */ = {isa = PBXBuildFile; productRef = 930EA0FA2B1E625500B70A51 /* FirebaseMLModelDownloader */; };
		930EA0FD2B1E625500B70A51 /* FirebaseMessaging in Frameworks */ = {isa = PBXBuildFile; productRef = 930EA0FC2B1E625500B70A51 /* FirebaseMessaging */; };
		930EA0FF2B1E625500B70A51 /* FirebasePerformance in Frameworks */ = {isa = PBXBuildFile; productRef = 930EA0FE2B1E625500B70A51 /* FirebasePerformance */; };
		930EA1012B1E625500B70A51 /* FirebaseRemoteConfig in Frameworks */ = {isa = PBXBuildFile; productRef = 930EA1002B1E625500B70A51 /* FirebaseRemoteConfig */; };
		930EA1032B1E625500B70A51 /* FirebaseRemoteConfigSwift in Frameworks */ = {isa = PBXBuildFile; productRef = 930EA1022B1E625500B70A51 /* FirebaseRemoteConfigSwift */; };
		930EA1052B1E625500B70A51 /* FirebaseStorage in Frameworks */ = {isa = PBXBuildFile; productRef = 930EA1042B1E625500B70A51 /* FirebaseStorage */; };
		930EA1072B1E625500B70A51 /* FirebaseStorageCombine-Community in Frameworks */ = {isa = PBXBuildFile; productRef = 930EA1062B1E625500B70A51 /* FirebaseStorageCombine-Community */; };
		930EA1092B1E654800B70A51 /* GoogleService-Info.plist in Resources */ = {isa = PBXBuildFile; fileRef = 930EA1082B1E654800B70A51 /* GoogleService-Info.plist */; };
		930EA10F2B1E686C00B70A51 /* ProfileView.swift in Sources */ = {isa = PBXBuildFile; fileRef = 930EA10E2B1E686C00B70A51 /* ProfileView.swift */; };
		930EA1112B1E689600B70A51 /* ToDoListView.swift in Sources */ = {isa = PBXBuildFile; fileRef = 930EA1102B1E689600B70A51 /* ToDoListView.swift */; };
		930EA1132B1E68AB00B70A51 /* NewItemView.swift in Sources */ = {isa = PBXBuildFile; fileRef = 930EA1122B1E68AB00B70A51 /* NewItemView.swift */; };
		930EA1152B1E68BC00B70A51 /* LogInView.swift in Sources */ = {isa = PBXBuildFile; fileRef = 930EA1142B1E68BC00B70A51 /* LogInView.swift */; };
		930EA1172B1E68CA00B70A51 /* RegisterView.swift in Sources */ = {isa = PBXBuildFile; fileRef = 930EA1162B1E68CA00B70A51 /* RegisterView.swift */; };
		930EA1192B1E697200B70A51 /* ToDoListItemView.swift in Sources */ = {isa = PBXBuildFile; fileRef = 930EA1182B1E697200B70A51 /* ToDoListItemView.swift */; };
		930EA11B2B1E6A1500B70A51 /* User.swift in Sources */ = {isa = PBXBuildFile; fileRef = 930EA11A2B1E6A1500B70A51 /* User.swift */; };
		930EA11D2B1E6A3000B70A51 /* ToDoListItem.swift in Sources */ = {isa = PBXBuildFile; fileRef = 930EA11C2B1E6A3000B70A51 /* ToDoListItem.swift */; };
		930EA11F2B1E6A6B00B70A51 /* MainViewViewModel.swift in Sources */ = {isa = PBXBuildFile; fileRef = 930EA11E2B1E6A6B00B70A51 /* MainViewViewModel.swift */; };
		930EA1212B1E6A7E00B70A51 /* ProfileViewViewModel.swift in Sources */ = {isa = PBXBuildFile; fileRef = 930EA1202B1E6A7E00B70A51 /* ProfileViewViewModel.swift */; };
		930EA1232B1E6AAF00B70A51 /* ToDoListViewViewModel.swift in Sources */ = {isa = PBXBuildFile; fileRef = 930EA1222B1E6AAF00B70A51 /* ToDoListViewViewModel.swift */; };
		930EA1252B1E6ACB00B70A51 /* NewItemViewViewModel.swift in Sources */ = {isa = PBXBuildFile; fileRef = 930EA1242B1E6ACB00B70A51 /* NewItemViewViewModel.swift */; };
		930EA1272B1E6AE900B70A51 /* LoginViewViewModel.swift in Sources */ = {isa = PBXBuildFile; fileRef = 930EA1262B1E6AE900B70A51 /* LoginViewViewModel.swift */; };
		930EA1292B1E6B0000B70A51 /* RegisterViewViewModel.swift in Sources */ = {isa = PBXBuildFile; fileRef = 930EA1282B1E6B0000B70A51 /* RegisterViewViewModel.swift */; };
		930EA12B2B1E6B2700B70A51 /* ToDoListItemViewViewModel.swift in Sources */ = {isa = PBXBuildFile; fileRef = 930EA12A2B1E6B2700B70A51 /* ToDoListItemViewViewModel.swift */; };
		930EA12D2B1FB57F00B70A51 /* HeaderView.swift in Sources */ = {isa = PBXBuildFile; fileRef = 930EA12C2B1FB57F00B70A51 /* HeaderView.swift */; };
/* End PBXBuildFile section */

/* Begin PBXFileReference section */
		930EA0BF2B1E5D2B00B70A51 /* ToDoList.app */ = {isa = PBXFileReference; explicitFileType = wrapper.application; includeInIndex = 0; path = ToDoList.app; sourceTree = BUILT_PRODUCTS_DIR; };
		930EA0C22B1E5D2B00B70A51 /* ToDoListApp.swift */ = {isa = PBXFileReference; lastKnownFileType = sourcecode.swift; path = ToDoListApp.swift; sourceTree = "<group>"; };
		930EA0C42B1E5D2B00B70A51 /* MainView.swift */ = {isa = PBXFileReference; lastKnownFileType = sourcecode.swift; path = MainView.swift; sourceTree = "<group>"; };
		930EA0C62B1E5D2C00B70A51 /* Assets.xcassets */ = {isa = PBXFileReference; lastKnownFileType = folder.assetcatalog; path = Assets.xcassets; sourceTree = "<group>"; };
		930EA0C82B1E5D2C00B70A51 /* ToDoList.entitlements */ = {isa = PBXFileReference; lastKnownFileType = text.plist.entitlements; path = ToDoList.entitlements; sourceTree = "<group>"; };
		930EA0CA2B1E5D2C00B70A51 /* Preview Assets.xcassets */ = {isa = PBXFileReference; lastKnownFileType = folder.assetcatalog; path = "Preview Assets.xcassets"; sourceTree = "<group>"; };
		930EA1082B1E654800B70A51 /* GoogleService-Info.plist */ = {isa = PBXFileReference; fileEncoding = 4; lastKnownFileType = text.plist.xml; path = "GoogleService-Info.plist"; sourceTree = "<group>"; };
		930EA10E2B1E686C00B70A51 /* ProfileView.swift */ = {isa = PBXFileReference; lastKnownFileType = sourcecode.swift; path = ProfileView.swift; sourceTree = "<group>"; };
		930EA1102B1E689600B70A51 /* ToDoListView.swift */ = {isa = PBXFileReference; lastKnownFileType = sourcecode.swift; path = ToDoListView.swift; sourceTree = "<group>"; };
		930EA1122B1E68AB00B70A51 /* NewItemView.swift */ = {isa = PBXFileReference; lastKnownFileType = sourcecode.swift; path = NewItemView.swift; sourceTree = "<group>"; };
		930EA1142B1E68BC00B70A51 /* LogInView.swift */ = {isa = PBXFileReference; lastKnownFileType = sourcecode.swift; path = LogInView.swift; sourceTree = "<group>"; };
		930EA1162B1E68CA00B70A51 /* RegisterView.swift */ = {isa = PBXFileReference; lastKnownFileType = sourcecode.swift; path = RegisterView.swift; sourceTree = "<group>"; };
		930EA1182B1E697200B70A51 /* ToDoListItemView.swift */ = {isa = PBXFileReference; lastKnownFileType = sourcecode.swift; path = ToDoListItemView.swift; sourceTree = "<group>"; };
		930EA11A2B1E6A1500B70A51 /* User.swift */ = {isa = PBXFileReference; lastKnownFileType = sourcecode.swift; path = User.swift; sourceTree = "<group>"; };
		930EA11C2B1E6A3000B70A51 /* ToDoListItem.swift */ = {isa = PBXFileReference; lastKnownFileType = sourcecode.swift; path = ToDoListItem.swift; sourceTree = "<group>"; };
		930EA11E2B1E6A6B00B70A51 /* MainViewViewModel.swift */ = {isa = PBXFileReference; lastKnownFileType = sourcecode.swift; path = MainViewViewModel.swift; sourceTree = "<group>"; };
		930EA1202B1E6A7E00B70A51 /* ProfileViewViewModel.swift */ = {isa = PBXFileReference; lastKnownFileType = sourcecode.swift; path = ProfileViewViewModel.swift; sourceTree = "<group>"; };
		930EA1222B1E6AAF00B70A51 /* ToDoListViewViewModel.swift */ = {isa = PBXFileReference; lastKnownFileType = sourcecode.swift; path = ToDoListViewViewModel.swift; sourceTree = "<group>"; };
		930EA1242B1E6ACB00B70A51 /* NewItemViewViewModel.swift */ = {isa = PBXFileReference; lastKnownFileType = sourcecode.swift; path = NewItemViewViewModel.swift; sourceTree = "<group>"; };
		930EA1262B1E6AE900B70A51 /* LoginViewViewModel.swift */ = {isa = PBXFileReference; lastKnownFileType = sourcecode.swift; path = LoginViewViewModel.swift; sourceTree = "<group>"; };
		930EA1282B1E6B0000B70A51 /* RegisterViewViewModel.swift */ = {isa = PBXFileReference; lastKnownFileType = sourcecode.swift; path = RegisterViewViewModel.swift; sourceTree = "<group>"; };
		930EA12A2B1E6B2700B70A51 /* ToDoListItemViewViewModel.swift */ = {isa = PBXFileReference; lastKnownFileType = sourcecode.swift; path = ToDoListItemViewViewModel.swift; sourceTree = "<group>"; };
		930EA12C2B1FB57F00B70A51 /* HeaderView.swift */ = {isa = PBXFileReference; lastKnownFileType = sourcecode.swift; path = HeaderView.swift; sourceTree = "<group>"; };
/* End PBXFileReference section */

/* Begin PBXFrameworksBuildPhase section */
		930EA0BC2B1E5D2B00B70A51 /* Frameworks */ = {
			isa = PBXFrameworksBuildPhase;
			buildActionMask = 2147483647;
			files = (
				930EA0E52B1E625500B70A51 /* FirebaseDatabase in Frameworks */,
				930EA0F32B1E625500B70A51 /* FirebaseFunctionsCombine-Community in Frameworks */,
				930EA0EB2B1E625500B70A51 /* FirebaseFirestore in Frameworks */,
				930EA0D72B1E625500B70A51 /* FirebaseAnalyticsSwift in Frameworks */,
				930EA0D32B1E625400B70A51 /* FirebaseAnalytics in Frameworks */,
				930EA0D52B1E625500B70A51 /* FirebaseAnalyticsOnDeviceConversion in Frameworks */,
				930EA0FB2B1E625500B70A51 /* FirebaseMLModelDownloader in Frameworks */,
				930EA0EF2B1E625500B70A51 /* FirebaseFirestoreSwift in Frameworks */,
				930EA0DB2B1E625500B70A51 /* FirebaseAppCheck in Frameworks */,
				930EA0D92B1E625500B70A51 /* FirebaseAnalyticsWithoutAdIdSupport in Frameworks */,
				930EA0DF2B1E625500B70A51 /* FirebaseAuth in Frameworks */,
				930EA0E32B1E625500B70A51 /* FirebaseCrashlytics in Frameworks */,
				930EA1032B1E625500B70A51 /* FirebaseRemoteConfigSwift in Frameworks */,
				930EA0F52B1E625500B70A51 /* FirebaseInAppMessaging-Beta in Frameworks */,
				930EA0E72B1E625500B70A51 /* FirebaseDatabaseSwift in Frameworks */,
				930EA0F12B1E625500B70A51 /* FirebaseFunctions in Frameworks */,
				930EA1072B1E625500B70A51 /* FirebaseStorageCombine-Community in Frameworks */,
				930EA1012B1E625500B70A51 /* FirebaseRemoteConfig in Frameworks */,
				930EA0DD2B1E625500B70A51 /* FirebaseAppDistribution-Beta in Frameworks */,
				930EA0E12B1E625500B70A51 /* FirebaseAuthCombine-Community in Frameworks */,
				930EA0FF2B1E625500B70A51 /* FirebasePerformance in Frameworks */,
				930EA0F72B1E625500B70A51 /* FirebaseInAppMessagingSwift-Beta in Frameworks */,
				930EA1052B1E625500B70A51 /* FirebaseStorage in Frameworks */,
				930EA0E92B1E625500B70A51 /* FirebaseDynamicLinks in Frameworks */,
				930EA0ED2B1E625500B70A51 /* FirebaseFirestoreCombine-Community in Frameworks */,
				930EA0FD2B1E625500B70A51 /* FirebaseMessaging in Frameworks */,
				930EA0F92B1E625500B70A51 /* FirebaseInstallations in Frameworks */,
			);
			runOnlyForDeploymentPostprocessing = 0;
		};
/* End PBXFrameworksBuildPhase section */

/* Begin PBXGroup section */
		930EA0B62B1E5D2B00B70A51 = {
			isa = PBXGroup;
			children = (
				930EA0C12B1E5D2B00B70A51 /* ToDoList */,
				930EA0C02B1E5D2B00B70A51 /* Products */,
			);
			sourceTree = "<group>";
		};
		930EA0C02B1E5D2B00B70A51 /* Products */ = {
			isa = PBXGroup;
			children = (
				930EA0BF2B1E5D2B00B70A51 /* ToDoList.app */,
			);
			name = Products;
			sourceTree = "<group>";
		};
		930EA0C12B1E5D2B00B70A51 /* ToDoList */ = {
			isa = PBXGroup;
			children = (
				930EA10D2B1E672200B70A51 /* Other */,
				930EA10C2B1E671100B70A51 /* Models */,
				930EA10B2B1E66F500B70A51 /* ViewModels */,
				930EA10A2B1E66EA00B70A51 /* Views */,
				930EA0C82B1E5D2C00B70A51 /* ToDoList.entitlements */,
				930EA0C92B1E5D2C00B70A51 /* Preview Content */,
			);
			path = ToDoList;
			sourceTree = "<group>";
		};
		930EA0C92B1E5D2C00B70A51 /* Preview Content */ = {
			isa = PBXGroup;
			children = (
				930EA0CA2B1E5D2C00B70A51 /* Preview Assets.xcassets */,
			);
			path = "Preview Content";
			sourceTree = "<group>";
		};
		930EA10A2B1E66EA00B70A51 /* Views */ = {
			isa = PBXGroup;
			children = (
				930EA0C42B1E5D2B00B70A51 /* MainView.swift */,
				930EA10E2B1E686C00B70A51 /* ProfileView.swift */,
				930EA1102B1E689600B70A51 /* ToDoListView.swift */,
				930EA1122B1E68AB00B70A51 /* NewItemView.swift */,
				930EA1142B1E68BC00B70A51 /* LogInView.swift */,
				930EA1162B1E68CA00B70A51 /* RegisterView.swift */,
				930EA1182B1E697200B70A51 /* ToDoListItemView.swift */,
				930EA12C2B1FB57F00B70A51 /* HeaderView.swift */,
			);
			path = Views;
			sourceTree = "<group>";
		};
		930EA10B2B1E66F500B70A51 /* ViewModels */ = {
			isa = PBXGroup;
			children = (
				930EA11E2B1E6A6B00B70A51 /* MainViewViewModel.swift */,
				930EA1202B1E6A7E00B70A51 /* ProfileViewViewModel.swift */,
				930EA1222B1E6AAF00B70A51 /* ToDoListViewViewModel.swift */,
				930EA1242B1E6ACB00B70A51 /* NewItemViewViewModel.swift */,
				930EA1262B1E6AE900B70A51 /* LoginViewViewModel.swift */,
				930EA1282B1E6B0000B70A51 /* RegisterViewViewModel.swift */,
				930EA12A2B1E6B2700B70A51 /* ToDoListItemViewViewModel.swift */,
			);
			path = ViewModels;
			sourceTree = "<group>";
		};
		930EA10C2B1E671100B70A51 /* Models */ = {
			isa = PBXGroup;
			children = (
				930EA11A2B1E6A1500B70A51 /* User.swift */,
				930EA11C2B1E6A3000B70A51 /* ToDoListItem.swift */,
			);
			path = Models;
			sourceTree = "<group>";
		};
		930EA10D2B1E672200B70A51 /* Other */ = {
			isa = PBXGroup;
			children = (
				930EA0C62B1E5D2C00B70A51 /* Assets.xcassets */,
				930EA1082B1E654800B70A51 /* GoogleService-Info.plist */,
				930EA0C22B1E5D2B00B70A51 /* ToDoListApp.swift */,
			);
			path = Other;
			sourceTree = "<group>";
		};
/* End PBXGroup section */

/* Begin PBXNativeTarget section */
		930EA0BE2B1E5D2B00B70A51 /* ToDoList */ = {
			isa = PBXNativeTarget;
			buildConfigurationList = 930EA0CE2B1E5D2C00B70A51 /* Build configuration list for PBXNativeTarget "ToDoList" */;
			buildPhases = (
				930EA0BB2B1E5D2B00B70A51 /* Sources */,
				930EA0BC2B1E5D2B00B70A51 /* Frameworks */,
				930EA0BD2B1E5D2B00B70A51 /* Resources */,
			);
			buildRules = (
			);
			dependencies = (
			);
			name = ToDoList;
			packageProductDependencies = (
				930EA0D22B1E625400B70A51 /* FirebaseAnalytics */,
				930EA0D42B1E625400B70A51 /* FirebaseAnalyticsOnDeviceConversion */,
				930EA0D62B1E625500B70A51 /* FirebaseAnalyticsSwift */,
				930EA0D82B1E625500B70A51 /* FirebaseAnalyticsWithoutAdIdSupport */,
				930EA0DA2B1E625500B70A51 /* FirebaseAppCheck */,
				930EA0DC2B1E625500B70A51 /* FirebaseAppDistribution-Beta */,
				930EA0DE2B1E625500B70A51 /* FirebaseAuth */,
				930EA0E02B1E625500B70A51 /* FirebaseAuthCombine-Community */,
				930EA0E22B1E625500B70A51 /* FirebaseCrashlytics */,
				930EA0E42B1E625500B70A51 /* FirebaseDatabase */,
				930EA0E62B1E625500B70A51 /* FirebaseDatabaseSwift */,
				930EA0E82B1E625500B70A51 /* FirebaseDynamicLinks */,
				930EA0EA2B1E625500B70A51 /* FirebaseFirestore */,
				930EA0EC2B1E625500B70A51 /* FirebaseFirestoreCombine-Community */,
				930EA0EE2B1E625500B70A51 /* FirebaseFirestoreSwift */,
				930EA0F02B1E625500B70A51 /* FirebaseFunctions */,
				930EA0F22B1E625500B70A51 /* FirebaseFunctionsCombine-Community */,
				930EA0F42B1E625500B70A51 /* FirebaseInAppMessaging-Beta */,
				930EA0F62B1E625500B70A51 /* FirebaseInAppMessagingSwift-Beta */,
				930EA0F82B1E625500B70A51 /* FirebaseInstallations */,
				930EA0FA2B1E625500B70A51 /* FirebaseMLModelDownloader */,
				930EA0FC2B1E625500B70A51 /* FirebaseMessaging */,
				930EA0FE2B1E625500B70A51 /* FirebasePerformance */,
				930EA1002B1E625500B70A51 /* FirebaseRemoteConfig */,
				930EA1022B1E625500B70A51 /* FirebaseRemoteConfigSwift */,
				930EA1042B1E625500B70A51 /* FirebaseStorage */,
				930EA1062B1E625500B70A51 /* FirebaseStorageCombine-Community */,
			);
			productName = ToDoList;
			productReference = 930EA0BF2B1E5D2B00B70A51 /* ToDoList.app */;
			productType = "com.apple.product-type.application";
		};
/* End PBXNativeTarget section */

/* Begin PBXProject section */
		930EA0B72B1E5D2B00B70A51 /* Project object */ = {
			isa = PBXProject;
			attributes = {
				BuildIndependentTargetsInParallel = 1;
				LastSwiftUpdateCheck = 1500;
				LastUpgradeCheck = 1500;
				TargetAttributes = {
					930EA0BE2B1E5D2B00B70A51 = {
						CreatedOnToolsVersion = 15.0.1;
					};
				};
			};
			buildConfigurationList = 930EA0BA2B1E5D2B00B70A51 /* Build configuration list for PBXProject "ToDoList" */;
			compatibilityVersion = "Xcode 14.0";
			developmentRegion = en;
			hasScannedForEncodings = 0;
			knownRegions = (
				en,
				Base,
			);
			mainGroup = 930EA0B62B1E5D2B00B70A51;
			packageReferences = (
				930EA0D12B1E625400B70A51 /* XCRemoteSwiftPackageReference "firebase-ios-sdk" */,
			);
			productRefGroup = 930EA0C02B1E5D2B00B70A51 /* Products */;
			projectDirPath = "";
			projectRoot = "";
			targets = (
				930EA0BE2B1E5D2B00B70A51 /* ToDoList */,
			);
		};
/* End PBXProject section */

/* Begin PBXResourcesBuildPhase section */
		930EA0BD2B1E5D2B00B70A51 /* Resources */ = {
			isa = PBXResourcesBuildPhase;
			buildActionMask = 2147483647;
			files = (
				930EA0CB2B1E5D2C00B70A51 /* Preview Assets.xcassets in Resources */,
				930EA0C72B1E5D2C00B70A51 /* Assets.xcassets in Resources */,
				930EA1092B1E654800B70A51 /* GoogleService-Info.plist in Resources */,
			);
			runOnlyForDeploymentPostprocessing = 0;
		};
/* End PBXResourcesBuildPhase section */

/* Begin PBXSourcesBuildPhase section */
		930EA0BB2B1E5D2B00B70A51 /* Sources */ = {
			isa = PBXSourcesBuildPhase;
			buildActionMask = 2147483647;
			files = (
				930EA1152B1E68BC00B70A51 /* LogInView.swift in Sources */,
				930EA12D2B1FB57F00B70A51 /* HeaderView.swift in Sources */,
				930EA0C52B1E5D2B00B70A51 /* MainView.swift in Sources */,
				930EA1292B1E6B0000B70A51 /* RegisterViewViewModel.swift in Sources */,
				930EA11F2B1E6A6B00B70A51 /* MainViewViewModel.swift in Sources */,
				930EA1112B1E689600B70A51 /* ToDoListView.swift in Sources */,
				930EA1172B1E68CA00B70A51 /* RegisterView.swift in Sources */,
				930EA1212B1E6A7E00B70A51 /* ProfileViewViewModel.swift in Sources */,
				930EA10F2B1E686C00B70A51 /* ProfileView.swift in Sources */,
				930EA11B2B1E6A1500B70A51 /* User.swift in Sources */,
				930EA1192B1E697200B70A51 /* ToDoListItemView.swift in Sources */,
				930EA1232B1E6AAF00B70A51 /* ToDoListViewViewModel.swift in Sources */,
				930EA1272B1E6AE900B70A51 /* LoginViewViewModel.swift in Sources */,
				930EA0C32B1E5D2B00B70A51 /* ToDoListApp.swift in Sources */,
				930EA11D2B1E6A3000B70A51 /* ToDoListItem.swift in Sources */,
				930EA1132B1E68AB00B70A51 /* NewItemView.swift in Sources */,
				930EA1252B1E6ACB00B70A51 /* NewItemViewViewModel.swift in Sources */,
				930EA12B2B1E6B2700B70A51 /* ToDoListItemViewViewModel.swift in Sources */,
			);
			runOnlyForDeploymentPostprocessing = 0;
		};
/* End PBXSourcesBuildPhase section */

/* Begin XCBuildConfiguration section */
		930EA0CC2B1E5D2C00B70A51 /* Debug */ = {
			isa = XCBuildConfiguration;
			buildSettings = {
				ALWAYS_SEARCH_USER_PATHS = NO;
				ASSETCATALOG_COMPILER_GENERATE_SWIFT_ASSET_SYMBOL_EXTENSIONS = YES;
				CLANG_ANALYZER_NONNULL = YES;
				CLANG_ANALYZER_NUMBER_OBJECT_CONVERSION = YES_AGGRESSIVE;
				CLANG_CXX_LANGUAGE_STANDARD = "gnu++20";
				CLANG_ENABLE_MODULES = YES;
				CLANG_ENABLE_OBJC_ARC = YES;
				CLANG_ENABLE_OBJC_WEAK = YES;
				CLANG_WARN_BLOCK_CAPTURE_AUTORELEASING = YES;
				CLANG_WARN_BOOL_CONVERSION = YES;
				CLANG_WARN_COMMA = YES;
				CLANG_WARN_CONSTANT_CONVERSION = YES;
				CLANG_WARN_DEPRECATED_OBJC_IMPLEMENTATIONS = YES;
				CLANG_WARN_DIRECT_OBJC_ISA_USAGE = YES_ERROR;
				CLANG_WARN_DOCUMENTATION_COMMENTS = YES;
				CLANG_WARN_EMPTY_BODY = YES;
				CLANG_WARN_ENUM_CONVERSION = YES;
				CLANG_WARN_INFINITE_RECURSION = YES;
				CLANG_WARN_INT_CONVERSION = YES;
				CLANG_WARN_NON_LITERAL_NULL_CONVERSION = YES;
				CLANG_WARN_OBJC_IMPLICIT_RETAIN_SELF = YES;
				CLANG_WARN_OBJC_LITERAL_CONVERSION = YES;
				CLANG_WARN_OBJC_ROOT_CLASS = YES_ERROR;
				CLANG_WARN_QUOTED_INCLUDE_IN_FRAMEWORK_HEADER = YES;
				CLANG_WARN_RANGE_LOOP_ANALYSIS = YES;
				CLANG_WARN_STRICT_PROTOTYPES = YES;
				CLANG_WARN_SUSPICIOUS_MOVE = YES;
				CLANG_WARN_UNGUARDED_AVAILABILITY = YES_AGGRESSIVE;
				CLANG_WARN_UNREACHABLE_CODE = YES;
				CLANG_WARN__DUPLICATE_METHOD_MATCH = YES;
				COPY_PHASE_STRIP = NO;
				DEBUG_INFORMATION_FORMAT = dwarf;
				ENABLE_STRICT_OBJC_MSGSEND = YES;
				ENABLE_TESTABILITY = YES;
				ENABLE_USER_SCRIPT_SANDBOXING = YES;
				GCC_C_LANGUAGE_STANDARD = gnu17;
				GCC_DYNAMIC_NO_PIC = NO;
				GCC_NO_COMMON_BLOCKS = YES;
				GCC_OPTIMIZATION_LEVEL = 0;
				GCC_PREPROCESSOR_DEFINITIONS = (
					"DEBUG=1",
					"$(inherited)",
				);
				GCC_WARN_64_TO_32_BIT_CONVERSION = YES;
				GCC_WARN_ABOUT_RETURN_TYPE = YES_ERROR;
				GCC_WARN_UNDECLARED_SELECTOR = YES;
				GCC_WARN_UNINITIALIZED_AUTOS = YES_AGGRESSIVE;
				GCC_WARN_UNUSED_FUNCTION = YES;
				GCC_WARN_UNUSED_VARIABLE = YES;
				LOCALIZATION_PREFERS_STRING_CATALOGS = YES;
				MTL_ENABLE_DEBUG_INFO = INCLUDE_SOURCE;
				MTL_FAST_MATH = YES;
				ONLY_ACTIVE_ARCH = YES;
				SWIFT_ACTIVE_COMPILATION_CONDITIONS = "DEBUG $(inherited)";
				SWIFT_OPTIMIZATION_LEVEL = "-Onone";
			};
			name = Debug;
		};
		930EA0CD2B1E5D2C00B70A51 /* Release */ = {
			isa = XCBuildConfiguration;
			buildSettings = {
				ALWAYS_SEARCH_USER_PATHS = NO;
				ASSETCATALOG_COMPILER_GENERATE_SWIFT_ASSET_SYMBOL_EXTENSIONS = YES;
				CLANG_ANALYZER_NONNULL = YES;
				CLANG_ANALYZER_NUMBER_OBJECT_CONVERSION = YES_AGGRESSIVE;
				CLANG_CXX_LANGUAGE_STANDARD = "gnu++20";
				CLANG_ENABLE_MODULES = YES;
				CLANG_ENABLE_OBJC_ARC = YES;
				CLANG_ENABLE_OBJC_WEAK = YES;
				CLANG_WARN_BLOCK_CAPTURE_AUTORELEASING = YES;
				CLANG_WARN_BOOL_CONVERSION = YES;
				CLANG_WARN_COMMA = YES;
				CLANG_WARN_CONSTANT_CONVERSION = YES;
				CLANG_WARN_DEPRECATED_OBJC_IMPLEMENTATIONS = YES;
				CLANG_WARN_DIRECT_OBJC_ISA_USAGE = YES_ERROR;
				CLANG_WARN_DOCUMENTATION_COMMENTS = YES;
				CLANG_WARN_EMPTY_BODY = YES;
				CLANG_WARN_ENUM_CONVERSION = YES;
				CLANG_WARN_INFINITE_RECURSION = YES;
				CLANG_WARN_INT_CONVERSION = YES;
				CLANG_WARN_NON_LITERAL_NULL_CONVERSION = YES;
				CLANG_WARN_OBJC_IMPLICIT_RETAIN_SELF = YES;
				CLANG_WARN_OBJC_LITERAL_CONVERSION = YES;
				CLANG_WARN_OBJC_ROOT_CLASS = YES_ERROR;
				CLANG_WARN_QUOTED_INCLUDE_IN_FRAMEWORK_HEADER = YES;
				CLANG_WARN_RANGE_LOOP_ANALYSIS = YES;
				CLANG_WARN_STRICT_PROTOTYPES = YES;
				CLANG_WARN_SUSPICIOUS_MOVE = YES;
				CLANG_WARN_UNGUARDED_AVAILABILITY = YES_AGGRESSIVE;
				CLANG_WARN_UNREACHABLE_CODE = YES;
				CLANG_WARN__DUPLICATE_METHOD_MATCH = YES;
				COPY_PHASE_STRIP = NO;
				DEBUG_INFORMATION_FORMAT = "dwarf-with-dsym";
				ENABLE_NS_ASSERTIONS = NO;
				ENABLE_STRICT_OBJC_MSGSEND = YES;
				ENABLE_USER_SCRIPT_SANDBOXING = YES;
				GCC_C_LANGUAGE_STANDARD = gnu17;
				GCC_NO_COMMON_BLOCKS = YES;
				GCC_WARN_64_TO_32_BIT_CONVERSION = YES;
				GCC_WARN_ABOUT_RETURN_TYPE = YES_ERROR;
				GCC_WARN_UNDECLARED_SELECTOR = YES;
				GCC_WARN_UNINITIALIZED_AUTOS = YES_AGGRESSIVE;
				GCC_WARN_UNUSED_FUNCTION = YES;
				GCC_WARN_UNUSED_VARIABLE = YES;
				LOCALIZATION_PREFERS_STRING_CATALOGS = YES;
				MTL_ENABLE_DEBUG_INFO = NO;
				MTL_FAST_MATH = YES;
				SWIFT_COMPILATION_MODE = wholemodule;
			};
			name = Release;
		};
		930EA0CF2B1E5D2C00B70A51 /* Debug */ = {
			isa = XCBuildConfiguration;
			buildSettings = {
				ASSETCATALOG_COMPILER_APPICON_NAME = AppIcon;
				ASSETCATALOG_COMPILER_GLOBAL_ACCENT_COLOR_NAME = AccentColor;
				CODE_SIGN_ENTITLEMENTS = ToDoList/ToDoList.entitlements;
				CODE_SIGN_STYLE = Automatic;
				CURRENT_PROJECT_VERSION = 1;
				DEVELOPMENT_ASSET_PATHS = "\"ToDoList/Preview Content\"";
				ENABLE_PREVIEWS = YES;
				GENERATE_INFOPLIST_FILE = YES;
				INFOPLIST_KEY_CFBundleDisplayName = "To Do List";
				"INFOPLIST_KEY_UIApplicationSceneManifest_Generation[sdk=iphoneos*]" = YES;
				"INFOPLIST_KEY_UIApplicationSceneManifest_Generation[sdk=iphonesimulator*]" = YES;
				"INFOPLIST_KEY_UIApplicationSupportsIndirectInputEvents[sdk=iphoneos*]" = YES;
				"INFOPLIST_KEY_UIApplicationSupportsIndirectInputEvents[sdk=iphonesimulator*]" = YES;
				"INFOPLIST_KEY_UILaunchScreen_Generation[sdk=iphoneos*]" = YES;
				"INFOPLIST_KEY_UILaunchScreen_Generation[sdk=iphonesimulator*]" = YES;
				"INFOPLIST_KEY_UIStatusBarStyle[sdk=iphoneos*]" = UIStatusBarStyleDefault;
				"INFOPLIST_KEY_UIStatusBarStyle[sdk=iphonesimulator*]" = UIStatusBarStyleDefault;
				INFOPLIST_KEY_UISupportedInterfaceOrientations = UIInterfaceOrientationPortrait;
				IPHONEOS_DEPLOYMENT_TARGET = 17.0;
				LD_RUNPATH_SEARCH_PATHS = "@executable_path/Frameworks";
				"LD_RUNPATH_SEARCH_PATHS[sdk=macosx*]" = "@executable_path/../Frameworks";
				MACOSX_DEPLOYMENT_TARGET = 14.0;
				MARKETING_VERSION = 1.0;
				PRODUCT_BUNDLE_IDENTIFIER = com.mukshi.ToDoList;
				PRODUCT_NAME = "$(TARGET_NAME)";
				SDKROOT = auto;
				SUPPORTED_PLATFORMS = "iphoneos iphonesimulator";
				SUPPORTS_MACCATALYST = NO;
				SWIFT_EMIT_LOC_STRINGS = YES;
				SWIFT_VERSION = 5.0;
				TARGETED_DEVICE_FAMILY = "1,2";
			};
			name = Debug;
		};
		930EA0D02B1E5D2C00B70A51 /* Release */ = {
			isa = XCBuildConfiguration;
			buildSettings = {
				ASSETCATALOG_COMPILER_APPICON_NAME = AppIcon;
				ASSETCATALOG_COMPILER_GLOBAL_ACCENT_COLOR_NAME = AccentColor;
				CODE_SIGN_ENTITLEMENTS = ToDoList/ToDoList.entitlements;
				CODE_SIGN_STYLE = Automatic;
				CURRENT_PROJECT_VERSION = 1;
				DEVELOPMENT_ASSET_PATHS = "\"ToDoList/Preview Content\"";
				ENABLE_PREVIEWS = YES;
				GENERATE_INFOPLIST_FILE = YES;
				INFOPLIST_KEY_CFBundleDisplayName = "To Do List";
				"INFOPLIST_KEY_UIApplicationSceneManifest_Generation[sdk=iphoneos*]" = YES;
				"INFOPLIST_KEY_UIApplicationSceneManifest_Generation[sdk=iphonesimulator*]" = YES;
				"INFOPLIST_KEY_UIApplicationSupportsIndirectInputEvents[sdk=iphoneos*]" = YES;
				"INFOPLIST_KEY_UIApplicationSupportsIndirectInputEvents[sdk=iphonesimulator*]" = YES;
				"INFOPLIST_KEY_UILaunchScreen_Generation[sdk=iphoneos*]" = YES;
				"INFOPLIST_KEY_UILaunchScreen_Generation[sdk=iphonesimulator*]" = YES;
				"INFOPLIST_KEY_UIStatusBarStyle[sdk=iphoneos*]" = UIStatusBarStyleDefault;
				"INFOPLIST_KEY_UIStatusBarStyle[sdk=iphonesimulator*]" = UIStatusBarStyleDefault;
				INFOPLIST_KEY_UISupportedInterfaceOrientations = UIInterfaceOrientationPortrait;
				IPHONEOS_DEPLOYMENT_TARGET = 17.0;
				LD_RUNPATH_SEARCH_PATHS = "@executable_path/Frameworks";
				"LD_RUNPATH_SEARCH_PATHS[sdk=macosx*]" = "@executable_path/../Frameworks";
				MACOSX_DEPLOYMENT_TARGET = 14.0;
				MARKETING_VERSION = 1.0;
				PRODUCT_BUNDLE_IDENTIFIER = com.mukshi.ToDoList;
				PRODUCT_NAME = "$(TARGET_NAME)";
				SDKROOT = auto;
				SUPPORTED_PLATFORMS = "iphoneos iphonesimulator";
				SUPPORTS_MACCATALYST = NO;
				SWIFT_EMIT_LOC_STRINGS = YES;
				SWIFT_VERSION = 5.0;
				TARGETED_DEVICE_FAMILY = "1,2";
			};
			name = Release;
		};
/* End XCBuildConfiguration section */

/* Begin XCConfigurationList section */
		930EA0BA2B1E5D2B00B70A51 /* Build configuration list for PBXProject "ToDoList" */ = {
			isa = XCConfigurationList;
			buildConfigurations = (
				930EA0CC2B1E5D2C00B70A51 /* Debug */,
				930EA0CD2B1E5D2C00B70A51 /* Release */,
			);
			defaultConfigurationIsVisible = 0;
			defaultConfigurationName = Release;
		};
		930EA0CE2B1E5D2C00B70A51 /* Build configuration list for PBXNativeTarget "ToDoList" */ = {
			isa = XCConfigurationList;
			buildConfigurations = (
				930EA0CF2B1E5D2C00B70A51 /* Debug */,
				930EA0D02B1E5D2C00B70A51 /* Release */,
			);
			defaultConfigurationIsVisible = 0;
			defaultConfigurationName = Release;
		};
/* End XCConfigurationList section */

/* Begin XCRemoteSwiftPackageReference section */
		930EA0D12B1E625400B70A51 /* XCRemoteSwiftPackageReference "firebase-ios-sdk" */ = {
			isa = XCRemoteSwiftPackageReference;
			repositoryURL = "https://github.com/firebase/firebase-ios-sdk";
			requirement = {
				kind = upToNextMajorVersion;
				minimumVersion = 10.18.0;
			};
		};
/* End XCRemoteSwiftPackageReference section */

/* Begin XCSwiftPackageProductDependency section */
		930EA0D22B1E625400B70A51 /* FirebaseAnalytics */ = {
			isa = XCSwiftPackageProductDependency;
			package = 930EA0D12B1E625400B70A51 /* XCRemoteSwiftPackageReference "firebase-ios-sdk" */;
			productName = FirebaseAnalytics;
		};
		930EA0D42B1E625400B70A51 /* FirebaseAnalyticsOnDeviceConversion */ = {
			isa = XCSwiftPackageProductDependency;
			package = 930EA0D12B1E625400B70A51 /* XCRemoteSwiftPackageReference "firebase-ios-sdk" */;
			productName = FirebaseAnalyticsOnDeviceConversion;
		};
		930EA0D62B1E625500B70A51 /* FirebaseAnalyticsSwift */ = {
			isa = XCSwiftPackageProductDependency;
			package = 930EA0D12B1E625400B70A51 /* XCRemoteSwiftPackageReference "firebase-ios-sdk" */;
			productName = FirebaseAnalyticsSwift;
		};
		930EA0D82B1E625500B70A51 /* FirebaseAnalyticsWithoutAdIdSupport */ = {
			isa = XCSwiftPackageProductDependency;
			package = 930EA0D12B1E625400B70A51 /* XCRemoteSwiftPackageReference "firebase-ios-sdk" */;
			productName = FirebaseAnalyticsWithoutAdIdSupport;
		};
		930EA0DA2B1E625500B70A51 /* FirebaseAppCheck */ = {
			isa = XCSwiftPackageProductDependency;
			package = 930EA0D12B1E625400B70A51 /* XCRemoteSwiftPackageReference "firebase-ios-sdk" */;
			productName = FirebaseAppCheck;
		};
		930EA0DC2B1E625500B70A51 /* FirebaseAppDistribution-Beta */ = {
			isa = XCSwiftPackageProductDependency;
			package = 930EA0D12B1E625400B70A51 /* XCRemoteSwiftPackageReference "firebase-ios-sdk" */;
			productName = "FirebaseAppDistribution-Beta";
		};
		930EA0DE2B1E625500B70A51 /* FirebaseAuth */ = {
			isa = XCSwiftPackageProductDependency;
			package = 930EA0D12B1E625400B70A51 /* XCRemoteSwiftPackageReference "firebase-ios-sdk" */;
			productName = FirebaseAuth;
		};
		930EA0E02B1E625500B70A51 /* FirebaseAuthCombine-Community */ = {
			isa = XCSwiftPackageProductDependency;
			package = 930EA0D12B1E625400B70A51 /* XCRemoteSwiftPackageReference "firebase-ios-sdk" */;
			productName = "FirebaseAuthCombine-Community";
		};
		930EA0E22B1E625500B70A51 /* FirebaseCrashlytics */ = {
			isa = XCSwiftPackageProductDependency;
			package = 930EA0D12B1E625400B70A51 /* XCRemoteSwiftPackageReference "firebase-ios-sdk" */;
			productName = FirebaseCrashlytics;
		};
		930EA0E42B1E625500B70A51 /* FirebaseDatabase */ = {
			isa = XCSwiftPackageProductDependency;
			package = 930EA0D12B1E625400B70A51 /* XCRemoteSwiftPackageReference "firebase-ios-sdk" */;
			productName = FirebaseDatabase;
		};
		930EA0E62B1E625500B70A51 /* FirebaseDatabaseSwift */ = {
			isa = XCSwiftPackageProductDependency;
			package = 930EA0D12B1E625400B70A51 /* XCRemoteSwiftPackageReference "firebase-ios-sdk" */;
			productName = FirebaseDatabaseSwift;
		};
		930EA0E82B1E625500B70A51 /* FirebaseDynamicLinks */ = {
			isa = XCSwiftPackageProductDependency;
			package = 930EA0D12B1E625400B70A51 /* XCRemoteSwiftPackageReference "firebase-ios-sdk" */;
			productName = FirebaseDynamicLinks;
		};
		930EA0EA2B1E625500B70A51 /* FirebaseFirestore */ = {
			isa = XCSwiftPackageProductDependency;
			package = 930EA0D12B1E625400B70A51 /* XCRemoteSwiftPackageReference "firebase-ios-sdk" */;
			productName = FirebaseFirestore;
		};
		930EA0EC2B1E625500B70A51 /* FirebaseFirestoreCombine-Community */ = {
			isa = XCSwiftPackageProductDependency;
			package = 930EA0D12B1E625400B70A51 /* XCRemoteSwiftPackageReference "firebase-ios-sdk" */;
			productName = "FirebaseFirestoreCombine-Community";
		};
		930EA0EE2B1E625500B70A51 /* FirebaseFirestoreSwift */ = {
			isa = XCSwiftPackageProductDependency;
			package = 930EA0D12B1E625400B70A51 /* XCRemoteSwiftPackageReference "firebase-ios-sdk" */;
			productName = FirebaseFirestoreSwift;
		};
		930EA0F02B1E625500B70A51 /* FirebaseFunctions */ = {
			isa = XCSwiftPackageProductDependency;
			package = 930EA0D12B1E625400B70A51 /* XCRemoteSwiftPackageReference "firebase-ios-sdk" */;
			productName = FirebaseFunctions;
		};
		930EA0F22B1E625500B70A51 /* FirebaseFunctionsCombine-Community */ = {
			isa = XCSwiftPackageProductDependency;
			package = 930EA0D12B1E625400B70A51 /* XCRemoteSwiftPackageReference "firebase-ios-sdk" */;
			productName = "FirebaseFunctionsCombine-Community";
		};
		930EA0F42B1E625500B70A51 /* FirebaseInAppMessaging-Beta */ = {
			isa = XCSwiftPackageProductDependency;
			package = 930EA0D12B1E625400B70A51 /* XCRemoteSwiftPackageReference "firebase-ios-sdk" */;
			productName = "FirebaseInAppMessaging-Beta";
		};
		930EA0F62B1E625500B70A51 /* FirebaseInAppMessagingSwift-Beta */ = {
			isa = XCSwiftPackageProductDependency;
			package = 930EA0D12B1E625400B70A51 /* XCRemoteSwiftPackageReference "firebase-ios-sdk" */;
			productName = "FirebaseInAppMessagingSwift-Beta";
		};
		930EA0F82B1E625500B70A51 /* FirebaseInstallations */ = {
			isa = XCSwiftPackageProductDependency;
			package = 930EA0D12B1E625400B70A51 /* XCRemoteSwiftPackageReference "firebase-ios-sdk" */;
			productName = FirebaseInstallations;
		};
		930EA0FA2B1E625500B70A51 /* FirebaseMLModelDownloader */ = {
			isa = XCSwiftPackageProductDependency;
			package = 930EA0D12B1E625400B70A51 /* XCRemoteSwiftPackageReference "firebase-ios-sdk" */;
			productName = FirebaseMLModelDownloader;
		};
		930EA0FC2B1E625500B70A51 /* FirebaseMessaging */ = {
			isa = XCSwiftPackageProductDependency;
			package = 930EA0D12B1E625400B70A51 /* XCRemoteSwiftPackageReference "firebase-ios-sdk" */;
			productName = FirebaseMessaging;
		};
		930EA0FE2B1E625500B70A51 /* FirebasePerformance */ = {
			isa = XCSwiftPackageProductDependency;
			package = 930EA0D12B1E625400B70A51 /* XCRemoteSwiftPackageReference "firebase-ios-sdk" */;
			productName = FirebasePerformance;
		};
		930EA1002B1E625500B70A51 /* FirebaseRemoteConfig */ = {
			isa = XCSwiftPackageProductDependency;
			package = 930EA0D12B1E625400B70A51 /* XCRemoteSwiftPackageReference "firebase-ios-sdk" */;
			productName = FirebaseRemoteConfig;
		};
		930EA1022B1E625500B70A51 /* FirebaseRemoteConfigSwift */ = {
			isa = XCSwiftPackageProductDependency;
			package = 930EA0D12B1E625400B70A51 /* XCRemoteSwiftPackageReference "firebase-ios-sdk" */;
			productName = FirebaseRemoteConfigSwift;
		};
		930EA1042B1E625500B70A51 /* FirebaseStorage */ = {
			isa = XCSwiftPackageProductDependency;
			package = 930EA0D12B1E625400B70A51 /* XCRemoteSwiftPackageReference "firebase-ios-sdk" */;
			productName = FirebaseStorage;
		};
		930EA1062B1E625500B70A51 /* FirebaseStorageCombine-Community */ = {
			isa = XCSwiftPackageProductDependency;
			package = 930EA0D12B1E625400B70A51 /* XCRemoteSwiftPackageReference "firebase-ios-sdk" */;
			productName = "FirebaseStorageCombine-Community";
		};
/* End XCSwiftPackageProductDependency section */
	};
	rootObject = 930EA0B72B1E5D2B00B70A51 /* Project object */;
}
